// !$*UTF8*$!
{
	archiveVersion = 1;
	classes = {
	};
	objectVersion = 46;
	objects = {

/* Begin PBXBuildFile section */
		039ED10F13E7AFA3007D4827 /* SISItem.m in Sources */ = {isa = PBXBuildFile; fileRef = 039ED10E13E7AFA3007D4827 /* SISItem.m */; };
		039ED11313E7B8BD007D4827 /* SISItemConstants.m in Sources */ = {isa = PBXBuildFile; fileRef = 039ED11213E7B8BD007D4827 /* SISItemConstants.m */; };
		03A1902C13ED96B1004D2235 /* SISLibraryTVCellWindowController.m in Sources */ = {isa = PBXBuildFile; fileRef = 03A1902B13ED96B0004D2235 /* SISLibraryTVCellWindowController.m */; };
		03A1902E13ED96CA004D2235 /* SISLibraryTVCellWindow.xib in Resources */ = {isa = PBXBuildFile; fileRef = 03A1902D13ED96CA004D2235 /* SISLibraryTVCellWindow.xib */; };
		03A1906E13EEFEBC004D2235 /* SISLibraryItems-default.plist in Resources */ = {isa = PBXBuildFile; fileRef = 03A1906D13EEFEBC004D2235 /* SISLibraryItems-default.plist */; };
		03A190A713EF54F1004D2235 /* SISItemArrayController.m in Sources */ = {isa = PBXBuildFile; fileRef = 03A190A613EF54ED004D2235 /* SISItemArrayController.m */; };
		03A190DD13EF8846004D2235 /* address.png in Resources */ = {isa = PBXBuildFile; fileRef = 03A190A913EF8845004D2235 /* address.png */; };
		03A190DE13EF8846004D2235 /* article.png in Resources */ = {isa = PBXBuildFile; fileRef = 03A190AA13EF8845004D2235 /* article.png */; };
		03A190DF13EF8846004D2235 /* aside.png in Resources */ = {isa = PBXBuildFile; fileRef = 03A190AB13EF8845004D2235 /* aside.png */; };
		03A190E013EF8846004D2235 /* base.png in Resources */ = {isa = PBXBuildFile; fileRef = 03A190AC13EF8845004D2235 /* base.png */; };
		03A190E113EF8846004D2235 /* body.png in Resources */ = {isa = PBXBuildFile; fileRef = 03A190AD13EF8845004D2235 /* body.png */; };
		03A190E213EF8846004D2235 /* footer.png in Resources */ = {isa = PBXBuildFile; fileRef = 03A190AE13EF8845004D2235 /* footer.png */; };
		03A190E313EF8846004D2235 /* h1.png in Resources */ = {isa = PBXBuildFile; fileRef = 03A190AF13EF8845004D2235 /* h1.png */; };
		03A190E413EF8846004D2235 /* h2.png in Resources */ = {isa = PBXBuildFile; fileRef = 03A190B013EF8845004D2235 /* h2.png */; };
		03A190E513EF8846004D2235 /* h3.png in Resources */ = {isa = PBXBuildFile; fileRef = 03A190B113EF8845004D2235 /* h3.png */; };
		03A190E613EF8846004D2235 /* h4.png in Resources */ = {isa = PBXBuildFile; fileRef = 03A190B213EF8845004D2235 /* h4.png */; };
		03A190E713EF8846004D2235 /* h5.png in Resources */ = {isa = PBXBuildFile; fileRef = 03A190B313EF8845004D2235 /* h5.png */; };
		03A190E813EF8846004D2235 /* h6.png in Resources */ = {isa = PBXBuildFile; fileRef = 03A190B413EF8845004D2235 /* h6.png */; };
		03A190E913EF8846004D2235 /* head.png in Resources */ = {isa = PBXBuildFile; fileRef = 03A190B513EF8845004D2235 /* head.png */; };
		03A190EA13EF8846004D2235 /* header.png in Resources */ = {isa = PBXBuildFile; fileRef = 03A190B613EF8845004D2235 /* header.png */; };
		03A190EB13EF8846004D2235 /* hgroup.png in Resources */ = {isa = PBXBuildFile; fileRef = 03A190B713EF8845004D2235 /* hgroup.png */; };
		03A190EC13EF8846004D2235 /* link.png in Resources */ = {isa = PBXBuildFile; fileRef = 03A190B813EF8845004D2235 /* link.png */; };
		03A190ED13EF8846004D2235 /* meta.png in Resources */ = {isa = PBXBuildFile; fileRef = 03A190B913EF8845004D2235 /* meta.png */; };
		03A190EE13EF8846004D2235 /* navigation.png in Resources */ = {isa = PBXBuildFile; fileRef = 03A190BA13EF8845004D2235 /* navigation.png */; };
		03A190EF13EF8846004D2235 /* noscript.png in Resources */ = {isa = PBXBuildFile; fileRef = 03A190BB13EF8845004D2235 /* noscript.png */; };
		03A190F013EF8846004D2235 /* p.png in Resources */ = {isa = PBXBuildFile; fileRef = 03A190BC13EF8845004D2235 /* p.png */; };
		03A190F113EF8846004D2235 /* page.png in Resources */ = {isa = PBXBuildFile; fileRef = 03A190BD13EF8845004D2235 /* page.png */; };
		03A190F213EF8846004D2235 /* project.png in Resources */ = {isa = PBXBuildFile; fileRef = 03A190BE13EF8845004D2235 /* project.png */; };
		03A190F313EF8846004D2235 /* script.png in Resources */ = {isa = PBXBuildFile; fileRef = 03A190BF13EF8845004D2235 /* script.png */; };
		03A190F413EF8846004D2235 /* section.png in Resources */ = {isa = PBXBuildFile; fileRef = 03A190C013EF8845004D2235 /* section.png */; };
		03A190F513EF8846004D2235 /* SISItem-address.plist in Resources */ = {isa = PBXBuildFile; fileRef = 03A190C113EF8845004D2235 /* SISItem-address.plist */; };
		03A190F613EF8846004D2235 /* SISItem-article.plist in Resources */ = {isa = PBXBuildFile; fileRef = 03A190C213EF8845004D2235 /* SISItem-article.plist */; };
		03A190F713EF8846004D2235 /* SISItem-aside.plist in Resources */ = {isa = PBXBuildFile; fileRef = 03A190C313EF8845004D2235 /* SISItem-aside.plist */; };
		03A190F813EF8846004D2235 /* SISItem-base.plist in Resources */ = {isa = PBXBuildFile; fileRef = 03A190C413EF8845004D2235 /* SISItem-base.plist */; };
		03A190F913EF8846004D2235 /* SISItem-body.plist in Resources */ = {isa = PBXBuildFile; fileRef = 03A190C513EF8845004D2235 /* SISItem-body.plist */; };
		03A190FA13EF8846004D2235 /* SISItem-footer.plist in Resources */ = {isa = PBXBuildFile; fileRef = 03A190C613EF8845004D2235 /* SISItem-footer.plist */; };
		03A190FB13EF8846004D2235 /* SISItem-h1.plist in Resources */ = {isa = PBXBuildFile; fileRef = 03A190C713EF8845004D2235 /* SISItem-h1.plist */; };
		03A190FC13EF8846004D2235 /* SISItem-h2.plist in Resources */ = {isa = PBXBuildFile; fileRef = 03A190C813EF8845004D2235 /* SISItem-h2.plist */; };
		03A190FD13EF8846004D2235 /* SISItem-h3.plist in Resources */ = {isa = PBXBuildFile; fileRef = 03A190C913EF8845004D2235 /* SISItem-h3.plist */; };
		03A190FE13EF8846004D2235 /* SISItem-h4.plist in Resources */ = {isa = PBXBuildFile; fileRef = 03A190CA13EF8845004D2235 /* SISItem-h4.plist */; };
		03A190FF13EF8846004D2235 /* SISItem-h5.plist in Resources */ = {isa = PBXBuildFile; fileRef = 03A190CB13EF8845004D2235 /* SISItem-h5.plist */; };
		03A1910013EF8846004D2235 /* SISItem-h6.plist in Resources */ = {isa = PBXBuildFile; fileRef = 03A190CC13EF8845004D2235 /* SISItem-h6.plist */; };
		03A1910113EF8846004D2235 /* SISItem-head.plist in Resources */ = {isa = PBXBuildFile; fileRef = 03A190CD13EF8845004D2235 /* SISItem-head.plist */; };
		03A1910213EF8846004D2235 /* SISItem-header.plist in Resources */ = {isa = PBXBuildFile; fileRef = 03A190CE13EF8845004D2235 /* SISItem-header.plist */; };
		03A1910313EF8846004D2235 /* SISItem-hgroup.plist in Resources */ = {isa = PBXBuildFile; fileRef = 03A190CF13EF8845004D2235 /* SISItem-hgroup.plist */; };
		03A1910413EF8846004D2235 /* SISItem-link.plist in Resources */ = {isa = PBXBuildFile; fileRef = 03A190D013EF8845004D2235 /* SISItem-link.plist */; };
		03A1910513EF8846004D2235 /* SISItem-meta.plist in Resources */ = {isa = PBXBuildFile; fileRef = 03A190D113EF8845004D2235 /* SISItem-meta.plist */; };
		03A1910613EF8846004D2235 /* SISItem-navigation.plist in Resources */ = {isa = PBXBuildFile; fileRef = 03A190D213EF8845004D2235 /* SISItem-navigation.plist */; };
		03A1910713EF8846004D2235 /* SISItem-noscript.plist in Resources */ = {isa = PBXBuildFile; fileRef = 03A190D313EF8845004D2235 /* SISItem-noscript.plist */; };
		03A1910813EF8846004D2235 /* SISItem-p.plist in Resources */ = {isa = PBXBuildFile; fileRef = 03A190D413EF8845004D2235 /* SISItem-p.plist */; };
		03A1910913EF8846004D2235 /* SISItem-page.plist in Resources */ = {isa = PBXBuildFile; fileRef = 03A190D513EF8845004D2235 /* SISItem-page.plist */; };
		03A1910A13EF8846004D2235 /* SISItem-project.plist in Resources */ = {isa = PBXBuildFile; fileRef = 03A190D613EF8845004D2235 /* SISItem-project.plist */; };
		03A1910B13EF8846004D2235 /* SISItem-script.plist in Resources */ = {isa = PBXBuildFile; fileRef = 03A190D713EF8845004D2235 /* SISItem-script.plist */; };
		03A1910C13EF8846004D2235 /* SISItem-section.plist in Resources */ = {isa = PBXBuildFile; fileRef = 03A190D813EF8845004D2235 /* SISItem-section.plist */; };
		03A1910D13EF8846004D2235 /* SISItem-style.plist in Resources */ = {isa = PBXBuildFile; fileRef = 03A190D913EF8845004D2235 /* SISItem-style.plist */; };
		03A1910E13EF8846004D2235 /* SISItem-title.plist in Resources */ = {isa = PBXBuildFile; fileRef = 03A190DA13EF8845004D2235 /* SISItem-title.plist */; };
		03A1910F13EF8846004D2235 /* style.png in Resources */ = {isa = PBXBuildFile; fileRef = 03A190DB13EF8845004D2235 /* style.png */; };
		03A1911013EF8846004D2235 /* title.png in Resources */ = {isa = PBXBuildFile; fileRef = 03A190DC13EF8845004D2235 /* title.png */; };
		03A20AAC13E6699C00D616FF /* Cocoa.framework in Frameworks */ = {isa = PBXBuildFile; fileRef = 03A20AAB13E6699C00D616FF /* Cocoa.framework */; };
		03A20AB613E6699C00D616FF /* InfoPlist.strings in Resources */ = {isa = PBXBuildFile; fileRef = 03A20AB413E6699C00D616FF /* InfoPlist.strings */; };
		03A20AB813E6699C00D616FF /* main.m in Sources */ = {isa = PBXBuildFile; fileRef = 03A20AB713E6699C00D616FF /* main.m */; };
		03A20ABC13E6699C00D616FF /* Credits.rtf in Resources */ = {isa = PBXBuildFile; fileRef = 03A20ABA13E6699C00D616FF /* Credits.rtf */; };
		03A20ABF13E6699C00D616FF /* SISLibrary.m in Sources */ = {isa = PBXBuildFile; fileRef = 03A20ABE13E6699C00D616FF /* SISLibrary.m */; };
		03A20AC213E6699C00D616FF /* SISLibraryWindow.xib in Resources */ = {isa = PBXBuildFile; fileRef = 03A20AC013E6699C00D616FF /* SISLibraryWindow.xib */; };
		03A20AC513E6699D00D616FF /* MainMenu.xib in Resources */ = {isa = PBXBuildFile; fileRef = 03A20AC313E6699D00D616FF /* MainMenu.xib */; };
		03A20ACD13E6699D00D616FF /* SenTestingKit.framework in Frameworks */ = {isa = PBXBuildFile; fileRef = 03A20ACC13E6699D00D616FF /* SenTestingKit.framework */; };
		03A20ACE13E6699D00D616FF /* Cocoa.framework in Frameworks */ = {isa = PBXBuildFile; fileRef = 03A20AAB13E6699C00D616FF /* Cocoa.framework */; };
		03A20AD613E6699D00D616FF /* InfoPlist.strings in Resources */ = {isa = PBXBuildFile; fileRef = 03A20AD413E6699D00D616FF /* InfoPlist.strings */; };
		03A20AD813E6699D00D616FF /* SISItemLibraryTests.h in Resources */ = {isa = PBXBuildFile; fileRef = 03A20AD713E6699D00D616FF /* SISItemLibraryTests.h */; };
		03A20ADA13E6699D00D616FF /* SISItemLibraryTests.m in Sources */ = {isa = PBXBuildFile; fileRef = 03A20AD913E6699D00D616FF /* SISItemLibraryTests.m */; };
		03A20AE513E66AA800D616FF /* SISLibraryWindowController.m in Sources */ = {isa = PBXBuildFile; fileRef = 03A20AE413E66AA800D616FF /* SISLibraryWindowController.m */; };
/* End PBXBuildFile section */

/* Begin PBXContainerItemProxy section */
		03A20ACF13E6699D00D616FF /* PBXContainerItemProxy */ = {
			isa = PBXContainerItemProxy;
			containerPortal = 03A20A9E13E6699C00D616FF /* Project object */;
			proxyType = 1;
			remoteGlobalIDString = 03A20AA613E6699C00D616FF;
			remoteInfo = SISItemLibrary;
		};
/* End PBXContainerItemProxy section */

/* Begin PBXFileReference section */
		039ED10D13E7AFA3007D4827 /* SISItem.h */ = {isa = PBXFileReference; fileEncoding = 4; lastKnownFileType = sourcecode.c.h; path = SISItem.h; sourceTree = "<group>"; };
		039ED10E13E7AFA3007D4827 /* SISItem.m */ = {isa = PBXFileReference; fileEncoding = 4; lastKnownFileType = sourcecode.c.objc; path = SISItem.m; sourceTree = "<group>"; };
		039ED11113E7B86E007D4827 /* SISItemConstants.h */ = {isa = PBXFileReference; fileEncoding = 4; lastKnownFileType = sourcecode.c.h; path = SISItemConstants.h; sourceTree = "<group>"; };
		039ED11213E7B8BD007D4827 /* SISItemConstants.m */ = {isa = PBXFileReference; fileEncoding = 4; lastKnownFileType = sourcecode.c.objc; path = SISItemConstants.m; sourceTree = "<group>"; };
		03A1902A13ED96B0004D2235 /* SISLibraryTVCellWindowController.h */ = {isa = PBXFileReference; fileEncoding = 4; lastKnownFileType = sourcecode.c.h; path = SISLibraryTVCellWindowController.h; sourceTree = "<group>"; };
		03A1902B13ED96B0004D2235 /* SISLibraryTVCellWindowController.m */ = {isa = PBXFileReference; fileEncoding = 4; lastKnownFileType = sourcecode.c.objc; path = SISLibraryTVCellWindowController.m; sourceTree = "<group>"; };
		03A1902D13ED96CA004D2235 /* SISLibraryTVCellWindow.xib */ = {isa = PBXFileReference; fileEncoding = 4; lastKnownFileType = file.xib; path = SISLibraryTVCellWindow.xib; sourceTree = "<group>"; };
		03A1906D13EEFEBC004D2235 /* SISLibraryItems-default.plist */ = {isa = PBXFileReference; fileEncoding = 4; lastKnownFileType = text.plist.xml; path = "SISLibraryItems-default.plist"; sourceTree = "<group>"; };
		03A190A513EF54EC004D2235 /* SISItemArrayController.h */ = {isa = PBXFileReference; fileEncoding = 4; lastKnownFileType = sourcecode.c.h; path = SISItemArrayController.h; sourceTree = "<group>"; };
		03A190A613EF54ED004D2235 /* SISItemArrayController.m */ = {isa = PBXFileReference; fileEncoding = 4; lastKnownFileType = sourcecode.c.objc; path = SISItemArrayController.m; sourceTree = "<group>"; };
		03A190A913EF8845004D2235 /* address.png */ = {isa = PBXFileReference; lastKnownFileType = image.png; path = address.png; sourceTree = "<group>"; };
		03A190AA13EF8845004D2235 /* article.png */ = {isa = PBXFileReference; lastKnownFileType = image.png; path = article.png; sourceTree = "<group>"; };
		03A190AB13EF8845004D2235 /* aside.png */ = {isa = PBXFileReference; lastKnownFileType = image.png; path = aside.png; sourceTree = "<group>"; };
		03A190AC13EF8845004D2235 /* base.png */ = {isa = PBXFileReference; lastKnownFileType = image.png; path = base.png; sourceTree = "<group>"; };
		03A190AD13EF8845004D2235 /* body.png */ = {isa = PBXFileReference; lastKnownFileType = image.png; path = body.png; sourceTree = "<group>"; };
		03A190AE13EF8845004D2235 /* footer.png */ = {isa = PBXFileReference; lastKnownFileType = image.png; path = footer.png; sourceTree = "<group>"; };
		03A190AF13EF8845004D2235 /* h1.png */ = {isa = PBXFileReference; lastKnownFileType = image.png; path = h1.png; sourceTree = "<group>"; };
		03A190B013EF8845004D2235 /* h2.png */ = {isa = PBXFileReference; lastKnownFileType = image.png; path = h2.png; sourceTree = "<group>"; };
		03A190B113EF8845004D2235 /* h3.png */ = {isa = PBXFileReference; lastKnownFileType = image.png; path = h3.png; sourceTree = "<group>"; };
		03A190B213EF8845004D2235 /* h4.png */ = {isa = PBXFileReference; lastKnownFileType = image.png; path = h4.png; sourceTree = "<group>"; };
		03A190B313EF8845004D2235 /* h5.png */ = {isa = PBXFileReference; lastKnownFileType = image.png; path = h5.png; sourceTree = "<group>"; };
		03A190B413EF8845004D2235 /* h6.png */ = {isa = PBXFileReference; lastKnownFileType = image.png; path = h6.png; sourceTree = "<group>"; };
		03A190B513EF8845004D2235 /* head.png */ = {isa = PBXFileReference; lastKnownFileType = image.png; path = head.png; sourceTree = "<group>"; };
		03A190B613EF8845004D2235 /* header.png */ = {isa = PBXFileReference; lastKnownFileType = image.png; path = header.png; sourceTree = "<group>"; };
		03A190B713EF8845004D2235 /* hgroup.png */ = {isa = PBXFileReference; lastKnownFileType = image.png; path = hgroup.png; sourceTree = "<group>"; };
		03A190B813EF8845004D2235 /* link.png */ = {isa = PBXFileReference; lastKnownFileType = image.png; path = link.png; sourceTree = "<group>"; };
		03A190B913EF8845004D2235 /* meta.png */ = {isa = PBXFileReference; lastKnownFileType = image.png; path = meta.png; sourceTree = "<group>"; };
		03A190BA13EF8845004D2235 /* navigation.png */ = {isa = PBXFileReference; lastKnownFileType = image.png; path = navigation.png; sourceTree = "<group>"; };
		03A190BB13EF8845004D2235 /* noscript.png */ = {isa = PBXFileReference; lastKnownFileType = image.png; path = noscript.png; sourceTree = "<group>"; };
		03A190BC13EF8845004D2235 /* p.png */ = {isa = PBXFileReference; lastKnownFileType = image.png; path = p.png; sourceTree = "<group>"; };
		03A190BD13EF8845004D2235 /* page.png */ = {isa = PBXFileReference; lastKnownFileType = image.png; path = page.png; sourceTree = "<group>"; };
		03A190BE13EF8845004D2235 /* project.png */ = {isa = PBXFileReference; lastKnownFileType = image.png; path = project.png; sourceTree = "<group>"; };
		03A190BF13EF8845004D2235 /* script.png */ = {isa = PBXFileReference; lastKnownFileType = image.png; path = script.png; sourceTree = "<group>"; };
		03A190C013EF8845004D2235 /* section.png */ = {isa = PBXFileReference; lastKnownFileType = image.png; path = section.png; sourceTree = "<group>"; };
		03A190C113EF8845004D2235 /* SISItem-address.plist */ = {isa = PBXFileReference; fileEncoding = 4; lastKnownFileType = text.plist.xml; path = "SISItem-address.plist"; sourceTree = "<group>"; };
		03A190C213EF8845004D2235 /* SISItem-article.plist */ = {isa = PBXFileReference; fileEncoding = 4; lastKnownFileType = text.plist.xml; path = "SISItem-article.plist"; sourceTree = "<group>"; };
		03A190C313EF8845004D2235 /* SISItem-aside.plist */ = {isa = PBXFileReference; fileEncoding = 4; lastKnownFileType = text.plist.xml; path = "SISItem-aside.plist"; sourceTree = "<group>"; };
		03A190C413EF8845004D2235 /* SISItem-base.plist */ = {isa = PBXFileReference; fileEncoding = 4; lastKnownFileType = text.plist.xml; path = "SISItem-base.plist"; sourceTree = "<group>"; };
		03A190C513EF8845004D2235 /* SISItem-body.plist */ = {isa = PBXFileReference; fileEncoding = 4; lastKnownFileType = text.plist.xml; path = "SISItem-body.plist"; sourceTree = "<group>"; };
		03A190C613EF8845004D2235 /* SISItem-footer.plist */ = {isa = PBXFileReference; fileEncoding = 4; lastKnownFileType = text.plist.xml; path = "SISItem-footer.plist"; sourceTree = "<group>"; };
		03A190C713EF8845004D2235 /* SISItem-h1.plist */ = {isa = PBXFileReference; fileEncoding = 4; lastKnownFileType = text.plist.xml; path = "SISItem-h1.plist"; sourceTree = "<group>"; };
		03A190C813EF8845004D2235 /* SISItem-h2.plist */ = {isa = PBXFileReference; fileEncoding = 4; lastKnownFileType = text.plist.xml; path = "SISItem-h2.plist"; sourceTree = "<group>"; };
		03A190C913EF8845004D2235 /* SISItem-h3.plist */ = {isa = PBXFileReference; fileEncoding = 4; lastKnownFileType = text.plist.xml; path = "SISItem-h3.plist"; sourceTree = "<group>"; };
		03A190CA13EF8845004D2235 /* SISItem-h4.plist */ = {isa = PBXFileReference; fileEncoding = 4; lastKnownFileType = text.plist.xml; path = "SISItem-h4.plist"; sourceTree = "<group>"; };
		03A190CB13EF8845004D2235 /* SISItem-h5.plist */ = {isa = PBXFileReference; fileEncoding = 4; lastKnownFileType = text.plist.xml; path = "SISItem-h5.plist"; sourceTree = "<group>"; };
		03A190CC13EF8845004D2235 /* SISItem-h6.plist */ = {isa = PBXFileReference; fileEncoding = 4; lastKnownFileType = text.plist.xml; path = "SISItem-h6.plist"; sourceTree = "<group>"; };
		03A190CD13EF8845004D2235 /* SISItem-head.plist */ = {isa = PBXFileReference; fileEncoding = 4; lastKnownFileType = text.plist.xml; path = "SISItem-head.plist"; sourceTree = "<group>"; };
		03A190CE13EF8845004D2235 /* SISItem-header.plist */ = {isa = PBXFileReference; fileEncoding = 4; lastKnownFileType = text.plist.xml; path = "SISItem-header.plist"; sourceTree = "<group>"; };
		03A190CF13EF8845004D2235 /* SISItem-hgroup.plist */ = {isa = PBXFileReference; fileEncoding = 4; lastKnownFileType = text.plist.xml; path = "SISItem-hgroup.plist"; sourceTree = "<group>"; };
		03A190D013EF8845004D2235 /* SISItem-link.plist */ = {isa = PBXFileReference; fileEncoding = 4; lastKnownFileType = text.plist.xml; path = "SISItem-link.plist"; sourceTree = "<group>"; };
		03A190D113EF8845004D2235 /* SISItem-meta.plist */ = {isa = PBXFileReference; fileEncoding = 4; lastKnownFileType = text.plist.xml; path = "SISItem-meta.plist"; sourceTree = "<group>"; };
		03A190D213EF8845004D2235 /* SISItem-navigation.plist */ = {isa = PBXFileReference; fileEncoding = 4; lastKnownFileType = text.plist.xml; path = "SISItem-navigation.plist"; sourceTree = "<group>"; };
		03A190D313EF8845004D2235 /* SISItem-noscript.plist */ = {isa = PBXFileReference; fileEncoding = 4; lastKnownFileType = text.plist.xml; path = "SISItem-noscript.plist"; sourceTree = "<group>"; };
		03A190D413EF8845004D2235 /* SISItem-p.plist */ = {isa = PBXFileReference; fileEncoding = 4; lastKnownFileType = text.plist.xml; path = "SISItem-p.plist"; sourceTree = "<group>"; };
		03A190D513EF8845004D2235 /* SISItem-page.plist */ = {isa = PBXFileReference; fileEncoding = 4; lastKnownFileType = text.plist.xml; path = "SISItem-page.plist"; sourceTree = "<group>"; };
		03A190D613EF8845004D2235 /* SISItem-project.plist */ = {isa = PBXFileReference; fileEncoding = 4; lastKnownFileType = text.plist.xml; path = "SISItem-project.plist"; sourceTree = "<group>"; };
		03A190D713EF8845004D2235 /* SISItem-script.plist */ = {isa = PBXFileReference; fileEncoding = 4; lastKnownFileType = text.plist.xml; path = "SISItem-script.plist"; sourceTree = "<group>"; };
		03A190D813EF8845004D2235 /* SISItem-section.plist */ = {isa = PBXFileReference; fileEncoding = 4; lastKnownFileType = text.plist.xml; path = "SISItem-section.plist"; sourceTree = "<group>"; };
		03A190D913EF8845004D2235 /* SISItem-style.plist */ = {isa = PBXFileReference; fileEncoding = 4; lastKnownFileType = text.plist.xml; path = "SISItem-style.plist"; sourceTree = "<group>"; };
		03A190DA13EF8845004D2235 /* SISItem-title.plist */ = {isa = PBXFileReference; fileEncoding = 4; lastKnownFileType = text.plist.xml; path = "SISItem-title.plist"; sourceTree = "<group>"; };
		03A190DB13EF8845004D2235 /* style.png */ = {isa = PBXFileReference; lastKnownFileType = image.png; path = style.png; sourceTree = "<group>"; };
		03A190DC13EF8845004D2235 /* title.png */ = {isa = PBXFileReference; lastKnownFileType = image.png; path = title.png; sourceTree = "<group>"; };
		03A20AA713E6699C00D616FF /* SISItemLibrary.app */ = {isa = PBXFileReference; explicitFileType = wrapper.application; includeInIndex = 0; path = SISItemLibrary.app; sourceTree = BUILT_PRODUCTS_DIR; };
		03A20AAB13E6699C00D616FF /* Cocoa.framework */ = {isa = PBXFileReference; lastKnownFileType = wrapper.framework; name = Cocoa.framework; path = System/Library/Frameworks/Cocoa.framework; sourceTree = SDKROOT; };
		03A20AAE13E6699C00D616FF /* AppKit.framework */ = {isa = PBXFileReference; lastKnownFileType = wrapper.framework; name = AppKit.framework; path = System/Library/Frameworks/AppKit.framework; sourceTree = SDKROOT; };
		03A20AAF13E6699C00D616FF /* CoreData.framework */ = {isa = PBXFileReference; lastKnownFileType = wrapper.framework; name = CoreData.framework; path = System/Library/Frameworks/CoreData.framework; sourceTree = SDKROOT; };
		03A20AB013E6699C00D616FF /* Foundation.framework */ = {isa = PBXFileReference; lastKnownFileType = wrapper.framework; name = Foundation.framework; path = System/Library/Frameworks/Foundation.framework; sourceTree = SDKROOT; };
		03A20AB313E6699C00D616FF /* SISItemLibrary-Info.plist */ = {isa = PBXFileReference; lastKnownFileType = text.plist.xml; path = "SISItemLibrary-Info.plist"; sourceTree = "<group>"; };
		03A20AB513E6699C00D616FF /* en */ = {isa = PBXFileReference; lastKnownFileType = text.plist.strings; name = en; path = en.lproj/InfoPlist.strings; sourceTree = "<group>"; };
		03A20AB713E6699C00D616FF /* main.m */ = {isa = PBXFileReference; lastKnownFileType = sourcecode.c.objc; path = main.m; sourceTree = "<group>"; };
		03A20AB913E6699C00D616FF /* SISItemLibrary-Prefix.pch */ = {isa = PBXFileReference; lastKnownFileType = sourcecode.c.h; path = "SISItemLibrary-Prefix.pch"; sourceTree = "<group>"; };
		03A20ABB13E6699C00D616FF /* en */ = {isa = PBXFileReference; lastKnownFileType = text.rtf; name = en; path = en.lproj/Credits.rtf; sourceTree = "<group>"; };
		03A20ABD13E6699C00D616FF /* SISLibrary.h */ = {isa = PBXFileReference; lastKnownFileType = sourcecode.c.h; path = SISLibrary.h; sourceTree = "<group>"; };
		03A20ABE13E6699C00D616FF /* SISLibrary.m */ = {isa = PBXFileReference; lastKnownFileType = sourcecode.c.objc; path = SISLibrary.m; sourceTree = "<group>"; };
		03A20AC113E6699C00D616FF /* en */ = {isa = PBXFileReference; lastKnownFileType = file.xib; name = en; path = en.lproj/SISLibraryWindow.xib; sourceTree = "<group>"; };
		03A20AC413E6699D00D616FF /* en */ = {isa = PBXFileReference; lastKnownFileType = file.xib; name = en; path = en.lproj/MainMenu.xib; sourceTree = "<group>"; };
		03A20ACB13E6699D00D616FF /* SISItemLibraryTests.octest */ = {isa = PBXFileReference; explicitFileType = wrapper.cfbundle; includeInIndex = 0; path = SISItemLibraryTests.octest; sourceTree = BUILT_PRODUCTS_DIR; };
		03A20ACC13E6699D00D616FF /* SenTestingKit.framework */ = {isa = PBXFileReference; lastKnownFileType = wrapper.framework; name = SenTestingKit.framework; path = Library/Frameworks/SenTestingKit.framework; sourceTree = DEVELOPER_DIR; };
		03A20AD313E6699D00D616FF /* SISItemLibraryTests-Info.plist */ = {isa = PBXFileReference; lastKnownFileType = text.plist.xml; path = "SISItemLibraryTests-Info.plist"; sourceTree = "<group>"; };
		03A20AD513E6699D00D616FF /* en */ = {isa = PBXFileReference; lastKnownFileType = text.plist.strings; name = en; path = en.lproj/InfoPlist.strings; sourceTree = "<group>"; };
		03A20AD713E6699D00D616FF /* SISItemLibraryTests.h */ = {isa = PBXFileReference; lastKnownFileType = sourcecode.c.h; path = SISItemLibraryTests.h; sourceTree = "<group>"; };
		03A20AD913E6699D00D616FF /* SISItemLibraryTests.m */ = {isa = PBXFileReference; lastKnownFileType = sourcecode.c.objc; path = SISItemLibraryTests.m; sourceTree = "<group>"; };
		03A20AE313E66AA800D616FF /* SISLibraryWindowController.h */ = {isa = PBXFileReference; fileEncoding = 4; lastKnownFileType = sourcecode.c.h; path = SISLibraryWindowController.h; sourceTree = "<group>"; };
		03A20AE413E66AA800D616FF /* SISLibraryWindowController.m */ = {isa = PBXFileReference; fileEncoding = 4; lastKnownFileType = sourcecode.c.objc; path = SISLibraryWindowController.m; sourceTree = "<group>"; };
/* End PBXFileReference section */

/* Begin PBXFrameworksBuildPhase section */
		03A20AA413E6699C00D616FF /* Frameworks */ = {
			isa = PBXFrameworksBuildPhase;
			buildActionMask = 2147483647;
			files = (
				03A20AAC13E6699C00D616FF /* Cocoa.framework in Frameworks */,
			);
			runOnlyForDeploymentPostprocessing = 0;
		};
		03A20AC713E6699D00D616FF /* Frameworks */ = {
			isa = PBXFrameworksBuildPhase;
			buildActionMask = 2147483647;
			files = (
				03A20ACD13E6699D00D616FF /* SenTestingKit.framework in Frameworks */,
				03A20ACE13E6699D00D616FF /* Cocoa.framework in Frameworks */,
			);
			runOnlyForDeploymentPostprocessing = 0;
		};
/* End PBXFrameworksBuildPhase section */

/* Begin PBXGroup section */
		03A190A813EF8843004D2235 /* Startup */ = {
			isa = PBXGroup;
			children = (
				03A190A913EF8845004D2235 /* address.png */,
				03A190AA13EF8845004D2235 /* article.png */,
				03A190AB13EF8845004D2235 /* aside.png */,
				03A190AC13EF8845004D2235 /* base.png */,
				03A190AD13EF8845004D2235 /* body.png */,
				03A190AE13EF8845004D2235 /* footer.png */,
				03A190AF13EF8845004D2235 /* h1.png */,
				03A190B013EF8845004D2235 /* h2.png */,
				03A190B113EF8845004D2235 /* h3.png */,
				03A190B213EF8845004D2235 /* h4.png */,
				03A190B313EF8845004D2235 /* h5.png */,
				03A190B413EF8845004D2235 /* h6.png */,
				03A190B513EF8845004D2235 /* head.png */,
				03A190B613EF8845004D2235 /* header.png */,
				03A190B713EF8845004D2235 /* hgroup.png */,
				03A190B813EF8845004D2235 /* link.png */,
				03A190B913EF8845004D2235 /* meta.png */,
				03A190BA13EF8845004D2235 /* navigation.png */,
				03A190BB13EF8845004D2235 /* noscript.png */,
				03A190BC13EF8845004D2235 /* p.png */,
				03A190BD13EF8845004D2235 /* page.png */,
				03A190BE13EF8845004D2235 /* project.png */,
				03A190BF13EF8845004D2235 /* script.png */,
				03A190C013EF8845004D2235 /* section.png */,
				03A190C113EF8845004D2235 /* SISItem-address.plist */,
				03A190C213EF8845004D2235 /* SISItem-article.plist */,
				03A190C313EF8845004D2235 /* SISItem-aside.plist */,
				03A190C413EF8845004D2235 /* SISItem-base.plist */,
				03A190C513EF8845004D2235 /* SISItem-body.plist */,
				03A190C613EF8845004D2235 /* SISItem-footer.plist */,
				03A190C713EF8845004D2235 /* SISItem-h1.plist */,
				03A190C813EF8845004D2235 /* SISItem-h2.plist */,
				03A190C913EF8845004D2235 /* SISItem-h3.plist */,
				03A190CA13EF8845004D2235 /* SISItem-h4.plist */,
				03A190CB13EF8845004D2235 /* SISItem-h5.plist */,
				03A190CC13EF8845004D2235 /* SISItem-h6.plist */,
				03A190CD13EF8845004D2235 /* SISItem-head.plist */,
				03A190CE13EF8845004D2235 /* SISItem-header.plist */,
				03A190CF13EF8845004D2235 /* SISItem-hgroup.plist */,
				03A190D013EF8845004D2235 /* SISItem-link.plist */,
				03A190D113EF8845004D2235 /* SISItem-meta.plist */,
				03A190D213EF8845004D2235 /* SISItem-navigation.plist */,
				03A190D313EF8845004D2235 /* SISItem-noscript.plist */,
				03A190D413EF8845004D2235 /* SISItem-p.plist */,
				03A190D513EF8845004D2235 /* SISItem-page.plist */,
				03A190D613EF8845004D2235 /* SISItem-project.plist */,
				03A190D713EF8845004D2235 /* SISItem-script.plist */,
				03A190D813EF8845004D2235 /* SISItem-section.plist */,
				03A190D913EF8845004D2235 /* SISItem-style.plist */,
				03A190DA13EF8845004D2235 /* SISItem-title.plist */,
				03A190DB13EF8845004D2235 /* style.png */,
				03A190DC13EF8845004D2235 /* title.png */,
			);
			path = Startup;
			sourceTree = "<group>";
		};
		03A20A9C13E6699C00D616FF = {
			isa = PBXGroup;
			children = (
				03A20AB113E6699C00D616FF /* SISItemLibrary */,
				03A20AD113E6699D00D616FF /* SISItemLibraryTests */,
				03A20AAA13E6699C00D616FF /* Frameworks */,
				03A20AA813E6699C00D616FF /* Products */,
			);
			sourceTree = "<group>";
		};
		03A20AA813E6699C00D616FF /* Products */ = {
			isa = PBXGroup;
			children = (
				03A20AA713E6699C00D616FF /* SISItemLibrary.app */,
				03A20ACB13E6699D00D616FF /* SISItemLibraryTests.octest */,
			);
			name = Products;
			sourceTree = "<group>";
		};
		03A20AAA13E6699C00D616FF /* Frameworks */ = {
			isa = PBXGroup;
			children = (
				03A20AAB13E6699C00D616FF /* Cocoa.framework */,
				03A20ACC13E6699D00D616FF /* SenTestingKit.framework */,
				03A20AAD13E6699C00D616FF /* Other Frameworks */,
			);
			name = Frameworks;
			sourceTree = "<group>";
		};
		03A20AAD13E6699C00D616FF /* Other Frameworks */ = {
			isa = PBXGroup;
			children = (
				03A20AAE13E6699C00D616FF /* AppKit.framework */,
				03A20AAF13E6699C00D616FF /* CoreData.framework */,
				03A20AB013E6699C00D616FF /* Foundation.framework */,
			);
			name = "Other Frameworks";
			sourceTree = "<group>";
		};
		03A20AB113E6699C00D616FF /* SISItemLibrary */ = {
			isa = PBXGroup;
			children = (
				03A190A813EF8843004D2235 /* Startup */,
				03A20ABD13E6699C00D616FF /* SISLibrary.h */,
				03A20ABE13E6699C00D616FF /* SISLibrary.m */,
				03A190A513EF54EC004D2235 /* SISItemArrayController.h */,
				03A190A613EF54ED004D2235 /* SISItemArrayController.m */,
				03A1902D13ED96CA004D2235 /* SISLibraryTVCellWindow.xib */,
				03A1902A13ED96B0004D2235 /* SISLibraryTVCellWindowController.h */,
				03A1902B13ED96B0004D2235 /* SISLibraryTVCellWindowController.m */,
				039ED10D13E7AFA3007D4827 /* SISItem.h */,
				039ED10E13E7AFA3007D4827 /* SISItem.m */,
				03A20AC013E6699C00D616FF /* SISLibraryWindow.xib */,
				03A20AE313E66AA800D616FF /* SISLibraryWindowController.h */,
				03A20AE413E66AA800D616FF /* SISLibraryWindowController.m */,
				03A20AC313E6699D00D616FF /* MainMenu.xib */,
				039ED11113E7B86E007D4827 /* SISItemConstants.h */,
				039ED11213E7B8BD007D4827 /* SISItemConstants.m */,
				03A20AB213E6699C00D616FF /* Supporting Files */,
			);
			path = SISItemLibrary;
			sourceTree = "<group>";
		};
		03A20AB213E6699C00D616FF /* Supporting Files */ = {
			isa = PBXGroup;
			children = (
				03A20AB313E6699C00D616FF /* SISItemLibrary-Info.plist */,
				03A20AB413E6699C00D616FF /* InfoPlist.strings */,
				03A20AB713E6699C00D616FF /* main.m */,
				03A20AB913E6699C00D616FF /* SISItemLibrary-Prefix.pch */,
				03A20ABA13E6699C00D616FF /* Credits.rtf */,
				03A1906D13EEFEBC004D2235 /* SISLibraryItems-default.plist */,
			);
			name = "Supporting Files";
			sourceTree = "<group>";
		};
		03A20AD113E6699D00D616FF /* SISItemLibraryTests */ = {
			isa = PBXGroup;
			children = (
				03A20AD713E6699D00D616FF /* SISItemLibraryTests.h */,
				03A20AD913E6699D00D616FF /* SISItemLibraryTests.m */,
				03A20AD213E6699D00D616FF /* Supporting Files */,
			);
			path = SISItemLibraryTests;
			sourceTree = "<group>";
		};
		03A20AD213E6699D00D616FF /* Supporting Files */ = {
			isa = PBXGroup;
			children = (
				03A20AD313E6699D00D616FF /* SISItemLibraryTests-Info.plist */,
				03A20AD413E6699D00D616FF /* InfoPlist.strings */,
			);
			name = "Supporting Files";
			sourceTree = "<group>";
		};
/* End PBXGroup section */

/* Begin PBXNativeTarget section */
		03A20AA613E6699C00D616FF /* SISItemLibrary */ = {
			isa = PBXNativeTarget;
			buildConfigurationList = 03A20ADD13E6699D00D616FF /* Build configuration list for PBXNativeTarget "SISItemLibrary" */;
			buildPhases = (
				03A20AA313E6699C00D616FF /* Sources */,
				03A20AA413E6699C00D616FF /* Frameworks */,
				03A20AA513E6699C00D616FF /* Resources */,
			);
			buildRules = (
			);
			dependencies = (
			);
			name = SISItemLibrary;
			productName = SISItemLibrary;
			productReference = 03A20AA713E6699C00D616FF /* SISItemLibrary.app */;
			productType = "com.apple.product-type.application";
		};
		03A20ACA13E6699D00D616FF /* SISItemLibraryTests */ = {
			isa = PBXNativeTarget;
			buildConfigurationList = 03A20AE013E6699D00D616FF /* Build configuration list for PBXNativeTarget "SISItemLibraryTests" */;
			buildPhases = (
				03A20AC613E6699D00D616FF /* Sources */,
				03A20AC713E6699D00D616FF /* Frameworks */,
				03A20AC813E6699D00D616FF /* Resources */,
				03A20AC913E6699D00D616FF /* ShellScript */,
			);
			buildRules = (
			);
			dependencies = (
				03A20AD013E6699D00D616FF /* PBXTargetDependency */,
			);
			name = SISItemLibraryTests;
			productName = SISItemLibraryTests;
			productReference = 03A20ACB13E6699D00D616FF /* SISItemLibraryTests.octest */;
			productType = "com.apple.product-type.bundle";
		};
/* End PBXNativeTarget section */

/* Begin PBXProject section */
		03A20A9E13E6699C00D616FF /* Project object */ = {
			isa = PBXProject;
			attributes = {
				LastUpgradeCheck = 0410;
				ORGANIZATIONNAME = "Roaring Sky Software";
			};
			buildConfigurationList = 03A20AA113E6699C00D616FF /* Build configuration list for PBXProject "SISItemLibrary" */;
			compatibilityVersion = "Xcode 3.2";
			developmentRegion = English;
			hasScannedForEncodings = 0;
			knownRegions = (
				en,
			);
			mainGroup = 03A20A9C13E6699C00D616FF;
			productRefGroup = 03A20AA813E6699C00D616FF /* Products */;
			projectDirPath = "";
			projectRoot = "";
			targets = (
				03A20AA613E6699C00D616FF /* SISItemLibrary */,
				03A20ACA13E6699D00D616FF /* SISItemLibraryTests */,
			);
		};
/* End PBXProject section */

/* Begin PBXResourcesBuildPhase section */
		03A20AA513E6699C00D616FF /* Resources */ = {
			isa = PBXResourcesBuildPhase;
			buildActionMask = 2147483647;
			files = (
				03A20AB613E6699C00D616FF /* InfoPlist.strings in Resources */,
				03A20ABC13E6699C00D616FF /* Credits.rtf in Resources */,
				03A20AC213E6699C00D616FF /* SISLibraryWindow.xib in Resources */,
				03A20AC513E6699D00D616FF /* MainMenu.xib in Resources */,
				03A1902E13ED96CA004D2235 /* SISLibraryTVCellWindow.xib in Resources */,
				03A1906E13EEFEBC004D2235 /* SISLibraryItems-default.plist in Resources */,
				03A190DD13EF8846004D2235 /* address.png in Resources */,
				03A190DE13EF8846004D2235 /* article.png in Resources */,
				03A190DF13EF8846004D2235 /* aside.png in Resources */,
				03A190E013EF8846004D2235 /* base.png in Resources */,
				03A190E113EF8846004D2235 /* body.png in Resources */,
				03A190E213EF8846004D2235 /* footer.png in Resources */,
				03A190E313EF8846004D2235 /* h1.png in Resources */,
				03A190E413EF8846004D2235 /* h2.png in Resources */,
				03A190E513EF8846004D2235 /* h3.png in Resources */,
				03A190E613EF8846004D2235 /* h4.png in Resources */,
				03A190E713EF8846004D2235 /* h5.png in Resources */,
				03A190E813EF8846004D2235 /* h6.png in Resources */,
				03A190E913EF8846004D2235 /* head.png in Resources */,
				03A190EA13EF8846004D2235 /* header.png in Resources */,
				03A190EB13EF8846004D2235 /* hgroup.png in Resources */,
				03A190EC13EF8846004D2235 /* link.png in Resources */,
				03A190ED13EF8846004D2235 /* meta.png in Resources */,
				03A190EE13EF8846004D2235 /* navigation.png in Resources */,
				03A190EF13EF8846004D2235 /* noscript.png in Resources */,
				03A190F013EF8846004D2235 /* p.png in Resources */,
				03A190F113EF8846004D2235 /* page.png in Resources */,
				03A190F213EF8846004D2235 /* project.png in Resources */,
				03A190F313EF8846004D2235 /* script.png in Resources */,
				03A190F413EF8846004D2235 /* section.png in Resources */,
				03A190F513EF8846004D2235 /* SISItem-address.plist in Resources */,
				03A190F613EF8846004D2235 /* SISItem-article.plist in Resources */,
				03A190F713EF8846004D2235 /* SISItem-aside.plist in Resources */,
				03A190F813EF8846004D2235 /* SISItem-base.plist in Resources */,
				03A190F913EF8846004D2235 /* SISItem-body.plist in Resources */,
				03A190FA13EF8846004D2235 /* SISItem-footer.plist in Resources */,
				03A190FB13EF8846004D2235 /* SISItem-h1.plist in Resources */,
				03A190FC13EF8846004D2235 /* SISItem-h2.plist in Resources */,
				03A190FD13EF8846004D2235 /* SISItem-h3.plist in Resources */,
				03A190FE13EF8846004D2235 /* SISItem-h4.plist in Resources */,
				03A190FF13EF8846004D2235 /* SISItem-h5.plist in Resources */,
				03A1910013EF8846004D2235 /* SISItem-h6.plist in Resources */,
				03A1910113EF8846004D2235 /* SISItem-head.plist in Resources */,
				03A1910213EF8846004D2235 /* SISItem-header.plist in Resources */,
				03A1910313EF8846004D2235 /* SISItem-hgroup.plist in Resources */,
				03A1910413EF8846004D2235 /* SISItem-link.plist in Resources */,
				03A1910513EF8846004D2235 /* SISItem-meta.plist in Resources */,
				03A1910613EF8846004D2235 /* SISItem-navigation.plist in Resources */,
				03A1910713EF8846004D2235 /* SISItem-noscript.plist in Resources */,
				03A1910813EF8846004D2235 /* SISItem-p.plist in Resources */,
				03A1910913EF8846004D2235 /* SISItem-page.plist in Resources */,
				03A1910A13EF8846004D2235 /* SISItem-project.plist in Resources */,
				03A1910B13EF8846004D2235 /* SISItem-script.plist in Resources */,
				03A1910C13EF8846004D2235 /* SISItem-section.plist in Resources */,
				03A1910D13EF8846004D2235 /* SISItem-style.plist in Resources */,
				03A1910E13EF8846004D2235 /* SISItem-title.plist in Resources */,
				03A1910F13EF8846004D2235 /* style.png in Resources */,
				03A1911013EF8846004D2235 /* title.png in Resources */,
			);
			runOnlyForDeploymentPostprocessing = 0;
		};
		03A20AC813E6699D00D616FF /* Resources */ = {
			isa = PBXResourcesBuildPhase;
			buildActionMask = 2147483647;
			files = (
				03A20AD613E6699D00D616FF /* InfoPlist.strings in Resources */,
				03A20AD813E6699D00D616FF /* SISItemLibraryTests.h in Resources */,
			);
			runOnlyForDeploymentPostprocessing = 0;
		};
/* End PBXResourcesBuildPhase section */

/* Begin PBXShellScriptBuildPhase section */
		03A20AC913E6699D00D616FF /* ShellScript */ = {
			isa = PBXShellScriptBuildPhase;
			buildActionMask = 2147483647;
			files = (
			);
			inputPaths = (
			);
			outputPaths = (
			);
			runOnlyForDeploymentPostprocessing = 0;
			shellPath = /bin/sh;
			shellScript = "# Run the unit tests in this test bundle.\n\"${SYSTEM_DEVELOPER_DIR}/Tools/RunUnitTests\"\n";
		};
/* End PBXShellScriptBuildPhase section */

/* Begin PBXSourcesBuildPhase section */
		03A20AA313E6699C00D616FF /* Sources */ = {
			isa = PBXSourcesBuildPhase;
			buildActionMask = 2147483647;
			files = (
				03A20AB813E6699C00D616FF /* main.m in Sources */,
				03A20ABF13E6699C00D616FF /* SISLibrary.m in Sources */,
				03A20AE513E66AA800D616FF /* SISLibraryWindowController.m in Sources */,
				039ED10F13E7AFA3007D4827 /* SISItem.m in Sources */,
				039ED11313E7B8BD007D4827 /* SISItemConstants.m in Sources */,
				03A1902C13ED96B1004D2235 /* SISLibraryTVCellWindowController.m in Sources */,
				03A190A713EF54F1004D2235 /* SISItemArrayController.m in Sources */,
			);
			runOnlyForDeploymentPostprocessing = 0;
		};
		03A20AC613E6699D00D616FF /* Sources */ = {
			isa = PBXSourcesBuildPhase;
			buildActionMask = 2147483647;
			files = (
				03A20ADA13E6699D00D616FF /* SISItemLibraryTests.m in Sources */,
			);
			runOnlyForDeploymentPostprocessing = 0;
		};
/* End PBXSourcesBuildPhase section */

/* Begin PBXTargetDependency section */
		03A20AD013E6699D00D616FF /* PBXTargetDependency */ = {
			isa = PBXTargetDependency;
			target = 03A20AA613E6699C00D616FF /* SISItemLibrary */;
			targetProxy = 03A20ACF13E6699D00D616FF /* PBXContainerItemProxy */;
		};
/* End PBXTargetDependency section */

/* Begin PBXVariantGroup section */
		03A20AB413E6699C00D616FF /* InfoPlist.strings */ = {
			isa = PBXVariantGroup;
			children = (
				03A20AB513E6699C00D616FF /* en */,
			);
			name = InfoPlist.strings;
			sourceTree = "<group>";
		};
		03A20ABA13E6699C00D616FF /* Credits.rtf */ = {
			isa = PBXVariantGroup;
			children = (
				03A20ABB13E6699C00D616FF /* en */,
			);
			name = Credits.rtf;
			sourceTree = "<group>";
		};
		03A20AC013E6699C00D616FF /* SISLibraryWindow.xib */ = {
			isa = PBXVariantGroup;
			children = (
				03A20AC113E6699C00D616FF /* en */,
			);
			name = SISLibraryWindow.xib;
			sourceTree = "<group>";
		};
		03A20AC313E6699D00D616FF /* MainMenu.xib */ = {
			isa = PBXVariantGroup;
			children = (
				03A20AC413E6699D00D616FF /* en */,
			);
			name = MainMenu.xib;
			sourceTree = "<group>";
		};
		03A20AD413E6699D00D616FF /* InfoPlist.strings */ = {
			isa = PBXVariantGroup;
			children = (
				03A20AD513E6699D00D616FF /* en */,
			);
			name = InfoPlist.strings;
			sourceTree = "<group>";
		};
/* End PBXVariantGroup section */

/* Begin XCBuildConfiguration section */
		03A20ADB13E6699D00D616FF /* Debug */ = {
			isa = XCBuildConfiguration;
			buildSettings = {
				ALWAYS_SEARCH_USER_PATHS = NO;
				ARCHS = "$(ARCHS_STANDARD_64_BIT)";
				COPY_PHASE_STRIP = NO;
				GCC_C_LANGUAGE_STANDARD = gnu99;
				GCC_DYNAMIC_NO_PIC = NO;
				GCC_ENABLE_OBJC_EXCEPTIONS = YES;
				GCC_OPTIMIZATION_LEVEL = 0;
				GCC_PREPROCESSOR_DEFINITIONS = (
					"DEBUG=1",
					"$(inherited)",
				);
				GCC_SYMBOLS_PRIVATE_EXTERN = NO;
				GCC_VERSION = com.apple.compilers.llvm.clang.1_0;
				GCC_WARN_64_TO_32_BIT_CONVERSION = YES;
				GCC_WARN_ABOUT_MISSING_PROTOTYPES = YES;
				GCC_WARN_ABOUT_RETURN_TYPE = YES;
				GCC_WARN_UNUSED_VARIABLE = YES;
				MACOSX_DEPLOYMENT_TARGET = 10.7;
				ONLY_ACTIVE_ARCH = YES;
				SDKROOT = macosx;
			};
			name = Debug;
		};
		03A20ADC13E6699D00D616FF /* Release */ = {
			isa = XCBuildConfiguration;
			buildSettings = {
				ALWAYS_SEARCH_USER_PATHS = NO;
				ARCHS = "$(ARCHS_STANDARD_64_BIT)";
				COPY_PHASE_STRIP = YES;
				DEBUG_INFORMATION_FORMAT = "dwarf-with-dsym";
				GCC_C_LANGUAGE_STANDARD = gnu99;
				GCC_ENABLE_OBJC_EXCEPTIONS = YES;
				GCC_VERSION = com.apple.compilers.llvm.clang.1_0;
				GCC_WARN_64_TO_32_BIT_CONVERSION = YES;
				GCC_WARN_ABOUT_MISSING_PROTOTYPES = YES;
				GCC_WARN_ABOUT_RETURN_TYPE = YES;
				GCC_WARN_UNUSED_VARIABLE = YES;
				MACOSX_DEPLOYMENT_TARGET = 10.7;
				SDKROOT = macosx;
			};
			name = Release;
		};
		03A20ADE13E6699D00D616FF /* Debug */ = {
			isa = XCBuildConfiguration;
			buildSettings = {
				ARCHS = "$(ARCHS_STANDARD_32_64_BIT)";
				CURRENT_PROJECT_VERSION = 1.0;
				GCC_ENABLE_OBJC_GC = required;
				GCC_PRECOMPILE_PREFIX_HEADER = YES;
				GCC_PREFIX_HEADER = "SISItemLibrary/SISItemLibrary-Prefix.pch";
				GCC_VERSION = com.apple.compilers.llvm.clang.1_0;
				INFOPLIST_FILE = "SISItemLibrary/SISItemLibrary-Info.plist";
				MACOSX_DEPLOYMENT_TARGET = 10.6;
				PRODUCT_NAME = "$(TARGET_NAME)";
				VERSIONING_SYSTEM = "apple-generic";
				WRAPPER_EXTENSION = app;
			};
			name = Debug;
		};
		03A20ADF13E6699D00D616FF /* Release */ = {
			isa = XCBuildConfiguration;
			buildSettings = {
				ARCHS = "$(ARCHS_STANDARD_32_64_BIT)";
				CURRENT_PROJECT_VERSION = 1.0;
				GCC_ENABLE_OBJC_GC = required;
				GCC_PRECOMPILE_PREFIX_HEADER = YES;
				GCC_PREFIX_HEADER = "SISItemLibrary/SISItemLibrary-Prefix.pch";
				GCC_VERSION = com.apple.compilers.llvm.clang.1_0;
				INFOPLIST_FILE = "SISItemLibrary/SISItemLibrary-Info.plist";
				MACOSX_DEPLOYMENT_TARGET = 10.6;
				PRODUCT_NAME = "$(TARGET_NAME)";
				VERSIONING_SYSTEM = "apple-generic";
				WRAPPER_EXTENSION = app;
			};
			name = Release;
		};
		03A20AE113E6699D00D616FF /* Debug */ = {
			isa = XCBuildConfiguration;
			buildSettings = {
				BUNDLE_LOADER = "$(BUILT_PRODUCTS_DIR)/SISItemLibrary.app/Contents/MacOS/SISItemLibrary";
				FRAMEWORK_SEARCH_PATHS = "$(DEVELOPER_LIBRARY_DIR)/Frameworks";
				GCC_PRECOMPILE_PREFIX_HEADER = YES;
				GCC_PREFIX_HEADER = "SISItemLibrary/SISItemLibrary-Prefix.pch";
				INFOPLIST_FILE = "SISItemLibraryTests/SISItemLibraryTests-Info.plist";
				MACOSX_DEPLOYMENT_TARGET = 10.6;
				PRODUCT_NAME = "$(TARGET_NAME)";
				TEST_HOST = "$(BUNDLE_LOADER)";
				WRAPPER_EXTENSION = octest;
			};
			name = Debug;
		};
		03A20AE213E6699D00D616FF /* Release */ = {
			isa = XCBuildConfiguration;
			buildSettings = {
				BUNDLE_LOADER = "$(BUILT_PRODUCTS_DIR)/SISItemLibrary.app/Contents/MacOS/SISItemLibrary";
				FRAMEWORK_SEARCH_PATHS = "$(DEVELOPER_LIBRARY_DIR)/Frameworks";
				GCC_PRECOMPILE_PREFIX_HEADER = YES;
				GCC_PREFIX_HEADER = "SISItemLibrary/SISItemLibrary-Prefix.pch";
				INFOPLIST_FILE = "SISItemLibraryTests/SISItemLibraryTests-Info.plist";
				MACOSX_DEPLOYMENT_TARGET = 10.6;
				PRODUCT_NAME = "$(TARGET_NAME)";
				TEST_HOST = "$(BUNDLE_LOADER)";
				WRAPPER_EXTENSION = octest;
			};
			name = Release;
		};
/* End XCBuildConfiguration section */

/* Begin XCConfigurationList section */
		03A20AA113E6699C00D616FF /* Build configuration list for PBXProject "SISItemLibrary" */ = {
			isa = XCConfigurationList;
			buildConfigurations = (
				03A20ADB13E6699D00D616FF /* Debug */,
				03A20ADC13E6699D00D616FF /* Release */,
			);
			defaultConfigurationIsVisible = 0;
			defaultConfigurationName = Release;
		};
		03A20ADD13E6699D00D616FF /* Build configuration list for PBXNativeTarget "SISItemLibrary" */ = {
			isa = XCConfigurationList;
			buildConfigurations = (
				03A20ADE13E6699D00D616FF /* Debug */,
				03A20ADF13E6699D00D616FF /* Release */,
			);
			defaultConfigurationIsVisible = 0;
			defaultConfigurationName = Release;
		};
		03A20AE013E6699D00D616FF /* Build configuration list for PBXNativeTarget "SISItemLibraryTests" */ = {
			isa = XCConfigurationList;
			buildConfigurations = (
				03A20AE113E6699D00D616FF /* Debug */,
				03A20AE213E6699D00D616FF /* Release */,
			);
			defaultConfigurationIsVisible = 0;
			defaultConfigurationName = Release;
		};
/* End XCConfigurationList section */
	};
	rootObject = 03A20A9E13E6699C00D616FF /* Project object */;
}
